
Microsoft Visual Studio Solution File, Format Version 12.00
# Visual Studio Version 17
VisualStudioVersion = 17.5.33516.290
MinimumVisualStudioVersion = 10.0.40219.1
Project("{54A90642-561A-4BB1-A94E-469ADEE60C69}") = "known_vegan_express", "known_vegan_express.esproj", "{C5C1EC34-B46D-497B-BBED-F0154F00E1D5}"
EndProject
Global
	GlobalSection(SolutionConfigurationPlatforms) = preSolution
		Debug|Any CPU = Debug|Any CPU
		Release|Any CPU = Release|Any CPU
	EndGlobalSection
	GlobalSection(ProjectConfigurationPlatforms) = postSolution
		{C5C1EC34-B46D-497B-BBED-F0154F00E1D5}.Debug|Any CPU.ActiveCfg = Debug|Any CPU
		{C5C1EC34-B46D-497B-BBED-F0154F00E1D5}.Debug|Any CPU.Build.0 = Debug|Any CPU
		{C5C1EC34-B46D-497B-BBED-F0154F00E1D5}.Debug|Any CPU.Deploy.0 = Debug|Any CPU
		{C5C1EC34-B46D-497B-BBED-F0154F00E1D5}.Release|Any CPU.ActiveCfg = Release|Any CPU
		{C5C1EC34-B46D-497B-BBED-F0154F00E1D5}.Release|Any CPU.Build.0 = Release|Any CPU
		{C5C1EC34-B46D-497B-BBED-F0154F00E1D5}.Release|Any CPU.Deploy.0 = Release|Any CPU
	EndGlobalSection
	GlobalSection(SolutionProperties) = preSolution
		HideSolutionNode = FALSE
	EndGlobalSection
	GlobalSection(ExtensibilityGlobals) = postSolution
		SolutionGuid = {32F7DB6A-93A3-4F41-B8CF-0F036C04ECBF}
	EndGlobalSection
EndGlobal
